// !$*UTF8*$!
{
	archiveVersion = 1;
	classes = {
	};
	objectVersion = 50;
	objects = {

/* Begin PBXBuildFile section */
		7E0F5C27269E42D400D6B57C /* AppDelegate.swift in Sources */ = {isa = PBXBuildFile; fileRef = 7E0F5C26269E42D400D6B57C /* AppDelegate.swift */; };
		7E0F5C29269E42D400D6B57C /* SceneDelegate.swift in Sources */ = {isa = PBXBuildFile; fileRef = 7E0F5C28269E42D400D6B57C /* SceneDelegate.swift */; };
		7E0F5C2E269E42D400D6B57C /* Main.storyboard in Resources */ = {isa = PBXBuildFile; fileRef = 7E0F5C2C269E42D400D6B57C /* Main.storyboard */; };
		7E0F5C30269E42D400D6B57C /* Assets.xcassets in Resources */ = {isa = PBXBuildFile; fileRef = 7E0F5C2F269E42D400D6B57C /* Assets.xcassets */; };
		7E0F5C33269E42D400D6B57C /* LaunchScreen.storyboard in Resources */ = {isa = PBXBuildFile; fileRef = 7E0F5C31269E42D400D6B57C /* LaunchScreen.storyboard */; };
		7E0F5C3E269E42D400D6B57C /* Pet_Master_NewTests.swift in Sources */ = {isa = PBXBuildFile; fileRef = 7E0F5C3D269E42D400D6B57C /* Pet_Master_NewTests.swift */; };
		7E0F5C49269E42D400D6B57C /* Pet_Master_NewUITests.swift in Sources */ = {isa = PBXBuildFile; fileRef = 7E0F5C48269E42D400D6B57C /* Pet_Master_NewUITests.swift */; };
		7E3A15392707653800768377 /* Design.swift in Sources */ = {isa = PBXBuildFile; fileRef = 7E3A15382707653800768377 /* Design.swift */; };
		7E3A153B270765F900768377 /* MenuViewController.swift in Sources */ = {isa = PBXBuildFile; fileRef = 7E3A153A270765F900768377 /* MenuViewController.swift */; };
		7E3A153D270788A200768377 /* GameExtendedViewController.swift in Sources */ = {isa = PBXBuildFile; fileRef = 7E3A153C270788A200768377 /* GameExtendedViewController.swift */; };
		7E53722E26A60D7200D616C7 /* Game.swift in Sources */ = {isa = PBXBuildFile; fileRef = 7E53722D26A60D7200D616C7 /* Game.swift */; };
		7EB6613026A4D061005C0AC9 /* GameViewControlletViewController.swift in Sources */ = {isa = PBXBuildFile; fileRef = 7EB6612F26A4D061005C0AC9 /* GameViewControlletViewController.swift */; };
		7EB8C86026B2A40B00CAE4A2 /* SelectTimeViewController.swift in Sources */ = {isa = PBXBuildFile; fileRef = 7EB8C85F26B2A40B00CAE4A2 /* SelectTimeViewController.swift */; };
		7EB8C86226B2A43A00CAE4A2 /* SettingsTableViewController.swift in Sources */ = {isa = PBXBuildFile; fileRef = 7EB8C86126B2A43A00CAE4A2 /* SettingsTableViewController.swift */; };
		7EB8C86426B3392500CAE4A2 /* Settings.swift in Sources */ = {isa = PBXBuildFile; fileRef = 7EB8C86326B3392500CAE4A2 /* Settings.swift */; };
		7ED1E0BD26B886B0000025A9 /* RecordViewController.swift in Sources */ = {isa = PBXBuildFile; fileRef = 7ED1E0BC26B886B0000025A9 /* RecordViewController.swift */; };
/* End PBXBuildFile section */

/* Begin PBXContainerItemProxy section */
		7E0F5C3A269E42D400D6B57C /* PBXContainerItemProxy */ = {
			isa = PBXContainerItemProxy;
			containerPortal = 7E0F5C1B269E42D400D6B57C /* Project object */;
			proxyType = 1;
			remoteGlobalIDString = 7E0F5C22269E42D400D6B57C;
			remoteInfo = "Pet Master New";
		};
		7E0F5C45269E42D400D6B57C /* PBXContainerItemProxy */ = {
			isa = PBXContainerItemProxy;
			containerPortal = 7E0F5C1B269E42D400D6B57C /* Project object */;
			proxyType = 1;
			remoteGlobalIDString = 7E0F5C22269E42D400D6B57C;
			remoteInfo = "Pet Master New";
		};
/* End PBXContainerItemProxy section */

/* Begin PBXFileReference section */
		7E0F5C23269E42D400D6B57C /* Pet Master New.app */ = {isa = PBXFileReference; explicitFileType = wrapper.application; includeInIndex = 0; path = "Pet Master New.app"; sourceTree = BUILT_PRODUCTS_DIR; };
		7E0F5C26269E42D400D6B57C /* AppDelegate.swift */ = {isa = PBXFileReference; lastKnownFileType = sourcecode.swift; path = AppDelegate.swift; sourceTree = "<group>"; };
		7E0F5C28269E42D400D6B57C /* SceneDelegate.swift */ = {isa = PBXFileReference; lastKnownFileType = sourcecode.swift; path = SceneDelegate.swift; sourceTree = "<group>"; };
		7E0F5C2D269E42D400D6B57C /* Base */ = {isa = PBXFileReference; lastKnownFileType = file.storyboard; name = Base; path = Base.lproj/Main.storyboard; sourceTree = "<group>"; };
		7E0F5C2F269E42D400D6B57C /* Assets.xcassets */ = {isa = PBXFileReference; lastKnownFileType = folder.assetcatalog; path = Assets.xcassets; sourceTree = "<group>"; };
		7E0F5C32269E42D400D6B57C /* Base */ = {isa = PBXFileReference; lastKnownFileType = file.storyboard; name = Base; path = Base.lproj/LaunchScreen.storyboard; sourceTree = "<group>"; };
		7E0F5C34269E42D400D6B57C /* Info.plist */ = {isa = PBXFileReference; lastKnownFileType = text.plist.xml; path = Info.plist; sourceTree = "<group>"; };
		7E0F5C39269E42D400D6B57C /* Pet Master NewTests.xctest */ = {isa = PBXFileReference; explicitFileType = wrapper.cfbundle; includeInIndex = 0; path = "Pet Master NewTests.xctest"; sourceTree = BUILT_PRODUCTS_DIR; };
		7E0F5C3D269E42D400D6B57C /* Pet_Master_NewTests.swift */ = {isa = PBXFileReference; lastKnownFileType = sourcecode.swift; path = Pet_Master_NewTests.swift; sourceTree = "<group>"; };
		7E0F5C3F269E42D400D6B57C /* Info.plist */ = {isa = PBXFileReference; lastKnownFileType = text.plist.xml; path = Info.plist; sourceTree = "<group>"; };
		7E0F5C44269E42D400D6B57C /* Pet Master NewUITests.xctest */ = {isa = PBXFileReference; explicitFileType = wrapper.cfbundle; includeInIndex = 0; path = "Pet Master NewUITests.xctest"; sourceTree = BUILT_PRODUCTS_DIR; };
		7E0F5C48269E42D400D6B57C /* Pet_Master_NewUITests.swift */ = {isa = PBXFileReference; lastKnownFileType = sourcecode.swift; path = Pet_Master_NewUITests.swift; sourceTree = "<group>"; };
		7E0F5C4A269E42D400D6B57C /* Info.plist */ = {isa = PBXFileReference; lastKnownFileType = text.plist.xml; path = Info.plist; sourceTree = "<group>"; };
		7E3A15382707653800768377 /* Design.swift */ = {isa = PBXFileReference; lastKnownFileType = sourcecode.swift; path = Design.swift; sourceTree = "<group>"; };
		7E3A153A270765F900768377 /* MenuViewController.swift */ = {isa = PBXFileReference; lastKnownFileType = sourcecode.swift; path = MenuViewController.swift; sourceTree = "<group>"; };
		7E3A153C270788A200768377 /* GameExtendedViewController.swift */ = {isa = PBXFileReference; lastKnownFileType = sourcecode.swift; path = GameExtendedViewController.swift; sourceTree = "<group>"; };
		7E53722D26A60D7200D616C7 /* Game.swift */ = {isa = PBXFileReference; lastKnownFileType = sourcecode.swift; path = Game.swift; sourceTree = "<group>"; };
		7EB6612F26A4D061005C0AC9 /* GameViewControlletViewController.swift */ = {isa = PBXFileReference; lastKnownFileType = sourcecode.swift; path = GameViewControlletViewController.swift; sourceTree = "<group>"; };
		7EB8C85F26B2A40B00CAE4A2 /* SelectTimeViewController.swift */ = {isa = PBXFileReference; lastKnownFileType = sourcecode.swift; path = SelectTimeViewController.swift; sourceTree = "<group>"; };
		7EB8C86126B2A43A00CAE4A2 /* SettingsTableViewController.swift */ = {isa = PBXFileReference; lastKnownFileType = sourcecode.swift; path = SettingsTableViewController.swift; sourceTree = "<group>"; };
		7EB8C86326B3392500CAE4A2 /* Settings.swift */ = {isa = PBXFileReference; lastKnownFileType = sourcecode.swift; path = Settings.swift; sourceTree = "<group>"; };
		7ED1E0BC26B886B0000025A9 /* RecordViewController.swift */ = {isa = PBXFileReference; lastKnownFileType = sourcecode.swift; path = RecordViewController.swift; sourceTree = "<group>"; };
/* End PBXFileReference section */

/* Begin PBXFrameworksBuildPhase section */
		7E0F5C20269E42D400D6B57C /* Frameworks */ = {
			isa = PBXFrameworksBuildPhase;
			buildActionMask = 2147483647;
			files = (
			);
			runOnlyForDeploymentPostprocessing = 0;
		};
		7E0F5C36269E42D400D6B57C /* Frameworks */ = {
			isa = PBXFrameworksBuildPhase;
			buildActionMask = 2147483647;
			files = (
			);
			runOnlyForDeploymentPostprocessing = 0;
		};
		7E0F5C41269E42D400D6B57C /* Frameworks */ = {
			isa = PBXFrameworksBuildPhase;
			buildActionMask = 2147483647;
			files = (
			);
			runOnlyForDeploymentPostprocessing = 0;
		};
/* End PBXFrameworksBuildPhase section */

/* Begin PBXGroup section */
		7E0F5C1A269E42D400D6B57C = {
			isa = PBXGroup;
			children = (
				7E0F5C25269E42D400D6B57C /* Pet Master New */,
				7E0F5C3C269E42D400D6B57C /* Pet Master NewTests */,
				7E0F5C47269E42D400D6B57C /* Pet Master NewUITests */,
				7E0F5C24269E42D400D6B57C /* Products */,
			);
			sourceTree = "<group>";
		};
		7E0F5C24269E42D400D6B57C /* Products */ = {
			isa = PBXGroup;
			children = (
				7E0F5C23269E42D400D6B57C /* Pet Master New.app */,
				7E0F5C39269E42D400D6B57C /* Pet Master NewTests.xctest */,
				7E0F5C44269E42D400D6B57C /* Pet Master NewUITests.xctest */,
			);
			name = Products;
			sourceTree = "<group>";
		};
		7E0F5C25269E42D400D6B57C /* Pet Master New */ = {
			isa = PBXGroup;
			children = (
				7E53722D26A60D7200D616C7 /* Game.swift */,
				7E0F5C2C269E42D400D6B57C /* Main.storyboard */,
				7E0F5C26269E42D400D6B57C /* AppDelegate.swift */,
				7E0F5C28269E42D400D6B57C /* SceneDelegate.swift */,
				7E0F5C2F269E42D400D6B57C /* Assets.xcassets */,
				7E0F5C31269E42D400D6B57C /* LaunchScreen.storyboard */,
				7E0F5C34269E42D400D6B57C /* Info.plist */,
				7EB6612F26A4D061005C0AC9 /* GameViewControlletViewController.swift */,
				7E3A153C270788A200768377 /* GameExtendedViewController.swift */,
				7EB8C85F26B2A40B00CAE4A2 /* SelectTimeViewController.swift */,
				7EB8C86126B2A43A00CAE4A2 /* SettingsTableViewController.swift */,
				7EB8C86326B3392500CAE4A2 /* Settings.swift */,
				7ED1E0BC26B886B0000025A9 /* RecordViewController.swift */,
				7E3A15382707653800768377 /* Design.swift */,
				7E3A153A270765F900768377 /* MenuViewController.swift */,
			);
			path = "Pet Master New";
			sourceTree = "<group>";
		};
		7E0F5C3C269E42D400D6B57C /* Pet Master NewTests */ = {
			isa = PBXGroup;
			children = (
				7E0F5C3D269E42D400D6B57C /* Pet_Master_NewTests.swift */,
				7E0F5C3F269E42D400D6B57C /* Info.plist */,
			);
			path = "Pet Master NewTests";
			sourceTree = "<group>";
		};
		7E0F5C47269E42D400D6B57C /* Pet Master NewUITests */ = {
			isa = PBXGroup;
			children = (
				7E0F5C48269E42D400D6B57C /* Pet_Master_NewUITests.swift */,
				7E0F5C4A269E42D400D6B57C /* Info.plist */,
			);
			path = "Pet Master NewUITests";
			sourceTree = "<group>";
		};
/* End PBXGroup section */

/* Begin PBXNativeTarget section */
		7E0F5C22269E42D400D6B57C /* Pet Master New */ = {
			isa = PBXNativeTarget;
			buildConfigurationList = 7E0F5C4D269E42D400D6B57C /* Build configuration list for PBXNativeTarget "Pet Master New" */;
			buildPhases = (
				7E0F5C1F269E42D400D6B57C /* Sources */,
				7E0F5C20269E42D400D6B57C /* Frameworks */,
				7E0F5C21269E42D400D6B57C /* Resources */,
			);
			buildRules = (
			);
			dependencies = (
			);
			name = "Pet Master New";
			productName = "Pet Master New";
			productReference = 7E0F5C23269E42D400D6B57C /* Pet Master New.app */;
			productType = "com.apple.product-type.application";
		};
		7E0F5C38269E42D400D6B57C /* Pet Master NewTests */ = {
			isa = PBXNativeTarget;
			buildConfigurationList = 7E0F5C50269E42D400D6B57C /* Build configuration list for PBXNativeTarget "Pet Master NewTests" */;
			buildPhases = (
				7E0F5C35269E42D400D6B57C /* Sources */,
				7E0F5C36269E42D400D6B57C /* Frameworks */,
				7E0F5C37269E42D400D6B57C /* Resources */,
			);
			buildRules = (
			);
			dependencies = (
				7E0F5C3B269E42D400D6B57C /* PBXTargetDependency */,
			);
			name = "Pet Master NewTests";
			productName = "Pet Master NewTests";
			productReference = 7E0F5C39269E42D400D6B57C /* Pet Master NewTests.xctest */;
			productType = "com.apple.product-type.bundle.unit-test";
		};
		7E0F5C43269E42D400D6B57C /* Pet Master NewUITests */ = {
			isa = PBXNativeTarget;
			buildConfigurationList = 7E0F5C53269E42D400D6B57C /* Build configuration list for PBXNativeTarget "Pet Master NewUITests" */;
			buildPhases = (
				7E0F5C40269E42D400D6B57C /* Sources */,
				7E0F5C41269E42D400D6B57C /* Frameworks */,
				7E0F5C42269E42D400D6B57C /* Resources */,
			);
			buildRules = (
			);
			dependencies = (
				7E0F5C46269E42D400D6B57C /* PBXTargetDependency */,
			);
			name = "Pet Master NewUITests";
			productName = "Pet Master NewUITests";
			productReference = 7E0F5C44269E42D400D6B57C /* Pet Master NewUITests.xctest */;
			productType = "com.apple.product-type.bundle.ui-testing";
		};
/* End PBXNativeTarget section */

/* Begin PBXProject section */
		7E0F5C1B269E42D400D6B57C /* Project object */ = {
			isa = PBXProject;
			attributes = {
				LastSwiftUpdateCheck = 1250;
				LastUpgradeCheck = 1250;
				TargetAttributes = {
					7E0F5C22269E42D400D6B57C = {
						CreatedOnToolsVersion = 12.5.1;
					};
					7E0F5C38269E42D400D6B57C = {
						CreatedOnToolsVersion = 12.5.1;
						TestTargetID = 7E0F5C22269E42D400D6B57C;
					};
					7E0F5C43269E42D400D6B57C = {
						CreatedOnToolsVersion = 12.5.1;
						TestTargetID = 7E0F5C22269E42D400D6B57C;
					};
				};
			};
			buildConfigurationList = 7E0F5C1E269E42D400D6B57C /* Build configuration list for PBXProject "Pet Master New" */;
			compatibilityVersion = "Xcode 9.3";
			developmentRegion = en;
			hasScannedForEncodings = 0;
			knownRegions = (
				en,
				Base,
			);
			mainGroup = 7E0F5C1A269E42D400D6B57C;
			productRefGroup = 7E0F5C24269E42D400D6B57C /* Products */;
			projectDirPath = "";
			projectRoot = "";
			targets = (
				7E0F5C22269E42D400D6B57C /* Pet Master New */,
				7E0F5C38269E42D400D6B57C /* Pet Master NewTests */,
				7E0F5C43269E42D400D6B57C /* Pet Master NewUITests */,
			);
		};
/* End PBXProject section */

/* Begin PBXResourcesBuildPhase section */
		7E0F5C21269E42D400D6B57C /* Resources */ = {
			isa = PBXResourcesBuildPhase;
			buildActionMask = 2147483647;
			files = (
				7E0F5C33269E42D400D6B57C /* LaunchScreen.storyboard in Resources */,
				7E0F5C30269E42D400D6B57C /* Assets.xcassets in Resources */,
				7E0F5C2E269E42D400D6B57C /* Main.storyboard in Resources */,
			);
			runOnlyForDeploymentPostprocessing = 0;
		};
		7E0F5C37269E42D400D6B57C /* Resources */ = {
			isa = PBXResourcesBuildPhase;
			buildActionMask = 2147483647;
			files = (
			);
			runOnlyForDeploymentPostprocessing = 0;
		};
		7E0F5C42269E42D400D6B57C /* Resources */ = {
			isa = PBXResourcesBuildPhase;
			buildActionMask = 2147483647;
			files = (
			);
			runOnlyForDeploymentPostprocessing = 0;
		};
/* End PBXResourcesBuildPhase section */

/* Begin PBXSourcesBuildPhase section */
		7E0F5C1F269E42D400D6B57C /* Sources */ = {
			isa = PBXSourcesBuildPhase;
			buildActionMask = 2147483647;
			files = (
				7EB6613026A4D061005C0AC9 /* GameViewControlletViewController.swift in Sources */,
				7E0F5C27269E42D400D6B57C /* AppDelegate.swift in Sources */,
				7E0F5C29269E42D400D6B57C /* SceneDelegate.swift in Sources */,
				7E53722E26A60D7200D616C7 /* Game.swift in Sources */,
				7EB8C86426B3392500CAE4A2 /* Settings.swift in Sources */,
				7ED1E0BD26B886B0000025A9 /* RecordViewController.swift in Sources */,
				7E3A153B270765F900768377 /* MenuViewController.swift in Sources */,
				7E3A153D270788A200768377 /* GameExtendedViewController.swift in Sources */,
				7E3A15392707653800768377 /* Design.swift in Sources */,
				7EB8C86026B2A40B00CAE4A2 /* SelectTimeViewController.swift in Sources */,
				7EB8C86226B2A43A00CAE4A2 /* SettingsTableViewController.swift in Sources */,
			);
			runOnlyForDeploymentPostprocessing = 0;
		};
		7E0F5C35269E42D400D6B57C /* Sources */ = {
			isa = PBXSourcesBuildPhase;
			buildActionMask = 2147483647;
			files = (
				7E0F5C3E269E42D400D6B57C /* Pet_Master_NewTests.swift in Sources */,
			);
			runOnlyForDeploymentPostprocessing = 0;
		};
		7E0F5C40269E42D400D6B57C /* Sources */ = {
			isa = PBXSourcesBuildPhase;
			buildActionMask = 2147483647;
			files = (
				7E0F5C49269E42D400D6B57C /* Pet_Master_NewUITests.swift in Sources */,
			);
			runOnlyForDeploymentPostprocessing = 0;
		};
/* End PBXSourcesBuildPhase section */

/* Begin PBXTargetDependency section */
		7E0F5C3B269E42D400D6B57C /* PBXTargetDependency */ = {
			isa = PBXTargetDependency;
			target = 7E0F5C22269E42D400D6B57C /* Pet Master New */;
			targetProxy = 7E0F5C3A269E42D400D6B57C /* PBXContainerItemProxy */;
		};
		7E0F5C46269E42D400D6B57C /* PBXTargetDependency */ = {
			isa = PBXTargetDependency;
			target = 7E0F5C22269E42D400D6B57C /* Pet Master New */;
			targetProxy = 7E0F5C45269E42D400D6B57C /* PBXContainerItemProxy */;
		};
/* End PBXTargetDependency section */

/* Begin PBXVariantGroup section */
		7E0F5C2C269E42D400D6B57C /* Main.storyboard */ = {
			isa = PBXVariantGroup;
			children = (
				7E0F5C2D269E42D400D6B57C /* Base */,
			);
			name = Main.storyboard;
			sourceTree = "<group>";
		};
		7E0F5C31269E42D400D6B57C /* LaunchScreen.storyboard */ = {
			isa = PBXVariantGroup;
			children = (
				7E0F5C32269E42D400D6B57C /* Base */,
			);
			name = LaunchScreen.storyboard;
			sourceTree = "<group>";
		};
/* End PBXVariantGroup section */

/* Begin XCBuildConfiguration section */
		7E0F5C4B269E42D400D6B57C /* Debug */ = {
			isa = XCBuildConfiguration;
			buildSettings = {
				ALWAYS_SEARCH_USER_PATHS = NO;
				CLANG_ANALYZER_NONNULL = YES;
				CLANG_ANALYZER_NUMBER_OBJECT_CONVERSION = YES_AGGRESSIVE;
				CLANG_CXX_LANGUAGE_STANDARD = "gnu++14";
				CLANG_CXX_LIBRARY = "libc++";
				CLANG_ENABLE_MODULES = YES;
				CLANG_ENABLE_OBJC_ARC = YES;
				CLANG_ENABLE_OBJC_WEAK = YES;
				CLANG_WARN_BLOCK_CAPTURE_AUTORELEASING = YES;
				CLANG_WARN_BOOL_CONVERSION = YES;
				CLANG_WARN_COMMA = YES;
				CLANG_WARN_CONSTANT_CONVERSION = YES;
				CLANG_WARN_DEPRECATED_OBJC_IMPLEMENTATIONS = YES;
				CLANG_WARN_DIRECT_OBJC_ISA_USAGE = YES_ERROR;
				CLANG_WARN_DOCUMENTATION_COMMENTS = YES;
				CLANG_WARN_EMPTY_BODY = YES;
				CLANG_WARN_ENUM_CONVERSION = YES;
				CLANG_WARN_INFINITE_RECURSION = YES;
				CLANG_WARN_INT_CONVERSION = YES;
				CLANG_WARN_NON_LITERAL_NULL_CONVERSION = YES;
				CLANG_WARN_OBJC_IMPLICIT_RETAIN_SELF = YES;
				CLANG_WARN_OBJC_LITERAL_CONVERSION = YES;
				CLANG_WARN_OBJC_ROOT_CLASS = YES_ERROR;
				CLANG_WARN_QUOTED_INCLUDE_IN_FRAMEWORK_HEADER = YES;
				CLANG_WARN_RANGE_LOOP_ANALYSIS = YES;
				CLANG_WARN_STRICT_PROTOTYPES = YES;
				CLANG_WARN_SUSPICIOUS_MOVE = YES;
				CLANG_WARN_UNGUARDED_AVAILABILITY = YES_AGGRESSIVE;
				CLANG_WARN_UNREACHABLE_CODE = YES;
				CLANG_WARN__DUPLICATE_METHOD_MATCH = YES;
				COPY_PHASE_STRIP = NO;
				DEBUG_INFORMATION_FORMAT = dwarf;
				ENABLE_STRICT_OBJC_MSGSEND = YES;
				ENABLE_TESTABILITY = YES;
				GCC_C_LANGUAGE_STANDARD = gnu11;
				GCC_DYNAMIC_NO_PIC = NO;
				GCC_NO_COMMON_BLOCKS = YES;
				GCC_OPTIMIZATION_LEVEL = 0;
				GCC_PREPROCESSOR_DEFINITIONS = (
					"DEBUG=1",
					"$(inherited)",
				);
				GCC_WARN_64_TO_32_BIT_CONVERSION = YES;
				GCC_WARN_ABOUT_RETURN_TYPE = YES_ERROR;
				GCC_WARN_UNDECLARED_SELECTOR = YES;
				GCC_WARN_UNINITIALIZED_AUTOS = YES_AGGRESSIVE;
				GCC_WARN_UNUSED_FUNCTION = YES;
				GCC_WARN_UNUSED_VARIABLE = YES;
				IPHONEOS_DEPLOYMENT_TARGET = 14.5;
				MTL_ENABLE_DEBUG_INFO = INCLUDE_SOURCE;
				MTL_FAST_MATH = YES;
				ONLY_ACTIVE_ARCH = YES;
				SDKROOT = iphoneos;
				SWIFT_ACTIVE_COMPILATION_CONDITIONS = DEBUG;
				SWIFT_OPTIMIZATION_LEVEL = "-Onone";
			};
			name = Debug;
		};
		7E0F5C4C269E42D400D6B57C /* Release */ = {
			isa = XCBuildConfiguration;
			buildSettings = {
				ALWAYS_SEARCH_USER_PATHS = NO;
				CLANG_ANALYZER_NONNULL = YES;
				CLANG_ANALYZER_NUMBER_OBJECT_CONVERSION = YES_AGGRESSIVE;
				CLANG_CXX_LANGUAGE_STANDARD = "gnu++14";
				CLANG_CXX_LIBRARY = "libc++";
				CLANG_ENABLE_MODULES = YES;
				CLANG_ENABLE_OBJC_ARC = YES;
				CLANG_ENABLE_OBJC_WEAK = YES;
				CLANG_WARN_BLOCK_CAPTURE_AUTORELEASING = YES;
				CLANG_WARN_BOOL_CONVERSION = YES;
				CLANG_WARN_COMMA = YES;
				CLANG_WARN_CONSTANT_CONVERSION = YES;
				CLANG_WARN_DEPRECATED_OBJC_IMPLEMENTATIONS = YES;
				CLANG_WARN_DIRECT_OBJC_ISA_USAGE = YES_ERROR;
				CLANG_WARN_DOCUMENTATION_COMMENTS = YES;
				CLANG_WARN_EMPTY_BODY = YES;
				CLANG_WARN_ENUM_CONVERSION = YES;
				CLANG_WARN_INFINITE_RECURSION = YES;
				CLANG_WARN_INT_CONVERSION = YES;
				CLANG_WARN_NON_LITERAL_NULL_CONVERSION = YES;
				CLANG_WARN_OBJC_IMPLICIT_RETAIN_SELF = YES;
				CLANG_WARN_OBJC_LITERAL_CONVERSION = YES;
				CLANG_WARN_OBJC_ROOT_CLASS = YES_ERROR;
				CLANG_WARN_QUOTED_INCLUDE_IN_FRAMEWORK_HEADER = YES;
				CLANG_WARN_RANGE_LOOP_ANALYSIS = YES;
				CLANG_WARN_STRICT_PROTOTYPES = YES;
				CLANG_WARN_SUSPICIOUS_MOVE = YES;
				CLANG_WARN_UNGUARDED_AVAILABILITY = YES_AGGRESSIVE;
				CLANG_WARN_UNREACHABLE_CODE = YES;
				CLANG_WARN__DUPLICATE_METHOD_MATCH = YES;
				COPY_PHASE_STRIP = NO;
				DEBUG_INFORMATION_FORMAT = "dwarf-with-dsym";
				ENABLE_NS_ASSERTIONS = NO;
				ENABLE_STRICT_OBJC_MSGSEND = YES;
				GCC_C_LANGUAGE_STANDARD = gnu11;
				GCC_NO_COMMON_BLOCKS = YES;
				GCC_WARN_64_TO_32_BIT_CONVERSION = YES;
				GCC_WARN_ABOUT_RETURN_TYPE = YES_ERROR;
				GCC_WARN_UNDECLARED_SELECTOR = YES;
				GCC_WARN_UNINITIALIZED_AUTOS = YES_AGGRESSIVE;
				GCC_WARN_UNUSED_FUNCTION = YES;
				GCC_WARN_UNUSED_VARIABLE = YES;
				IPHONEOS_DEPLOYMENT_TARGET = 14.5;
				MTL_ENABLE_DEBUG_INFO = NO;
				MTL_FAST_MATH = YES;
				SDKROOT = iphoneos;
				SWIFT_COMPILATION_MODE = wholemodule;
				SWIFT_OPTIMIZATION_LEVEL = "-O";
				VALIDATE_PRODUCT = YES;
			};
			name = Release;
		};
		7E0F5C4E269E42D400D6B57C /* Debug */ = {
			isa = XCBuildConfiguration;
			buildSettings = {
				ASSETCATALOG_COMPILER_APPICON_NAME = AppIcon;
				ASSETCATALOG_COMPILER_GLOBAL_ACCENT_COLOR_NAME = AccentColor;
				CODE_SIGN_STYLE = Automatic;
				DEVELOPMENT_TEAM = SGFQ55R4UD;
				INFOPLIST_FILE = "Pet Master New/Info.plist";
				LD_RUNPATH_SEARCH_PATHS = (
					"$(inherited)",
					"@executable_path/Frameworks",
				);
				PRODUCT_BUNDLE_IDENTIFIER = "SWP.Tap-the-number";
				PRODUCT_NAME = "$(TARGET_NAME)";
				SWIFT_VERSION = 5.0;
				TARGETED_DEVICE_FAMILY = "1,2";
			};
			name = Debug;
		};
		7E0F5C4F269E42D400D6B57C /* Release */ = {
			isa = XCBuildConfiguration;
			buildSettings = {
				ASSETCATALOG_COMPILER_APPICON_NAME = AppIcon;
				ASSETCATALOG_COMPILER_GLOBAL_ACCENT_COLOR_NAME = AccentColor;
				CODE_SIGN_STYLE = Automatic;
				DEVELOPMENT_TEAM = SGFQ55R4UD;
				INFOPLIST_FILE = "Pet Master New/Info.plist";
				LD_RUNPATH_SEARCH_PATHS = (
					"$(inherited)",
					"@executable_path/Frameworks",
				);
				PRODUCT_BUNDLE_IDENTIFIER = "SWP.Tap-the-number";
				PRODUCT_NAME = "$(TARGET_NAME)";
				SWIFT_VERSION = 5.0;
				TARGETED_DEVICE_FAMILY = "1,2";
			};
			name = Release;
		};
		7E0F5C51269E42D400D6B57C /* Debug */ = {
			isa = XCBuildConfiguration;
			buildSettings = {
				ALWAYS_EMBED_SWIFT_STANDARD_LIBRARIES = YES;
				BUNDLE_LOADER = "$(TEST_HOST)";
				CODE_SIGN_STYLE = Automatic;
				DEVELOPMENT_TEAM = SGFQ55R4UD;
				INFOPLIST_FILE = "Pet Master NewTests/Info.plist";
				IPHONEOS_DEPLOYMENT_TARGET = 14.5;
				LD_RUNPATH_SEARCH_PATHS = (
					"$(inherited)",
					"@executable_path/Frameworks",
					"@loader_path/Frameworks",
				);
				PRODUCT_BUNDLE_IDENTIFIER = "SWP.Pet-Master-NewTests";
				PRODUCT_NAME = "$(TARGET_NAME)";
				SWIFT_VERSION = 5.0;
				TARGETED_DEVICE_FAMILY = "1,2";
				TEST_HOST = "$(BUILT_PRODUCTS_DIR)/Pet Master New.app/Pet Master New";
			};
			name = Debug;
		};
		7E0F5C52269E42D400D6B57C /* Release */ = {
			isa = XCBuildConfiguration;
			buildSettings = {
				ALWAYS_EMBED_SWIFT_STANDARD_LIBRARIES = YES;
				BUNDLE_LOADER = "$(TEST_HOST)";
				CODE_SIGN_STYLE = Automatic;
				DEVELOPMENT_TEAM = SGFQ55R4UD;
				INFOPLIST_FILE = "Pet Master NewTests/Info.plist";
				IPHONEOS_DEPLOYMENT_TARGET = 14.5;
				LD_RUNPATH_SEARCH_PATHS = (
					"$(inherited)",
					"@executable_path/Frameworks",
					"@loader_path/Frameworks",
				);
				PRODUCT_BUNDLE_IDENTIFIER = "SWP.Pet-Master-NewTests";
				PRODUCT_NAME = "$(TARGET_NAME)";
				SWIFT_VERSION = 5.0;
				TARGETED_DEVICE_FAMILY = "1,2";
				TEST_HOST = "$(BUILT_PRODUCTS_DIR)/Pet Master New.app/Pet Master New";
			};
			name = Release;
		};
		7E0F5C54269E42D400D6B57C /* Debug */ = {
			isa = XCBuildConfiguration;
			buildSettings = {
				ALWAYS_EMBED_SWIFT_STANDARD_LIBRARIES = YES;
				CODE_SIGN_STYLE = Automatic;
				DEVELOPMENT_TEAM = SGFQ55R4UD;
				INFOPLIST_FILE = "Pet Master NewUITests/Info.plist";
				LD_RUNPATH_SEARCH_PATHS = (
					"$(inherited)",
					"@executable_path/Frameworks",
					"@loader_path/Frameworks",
				);
				PRODUCT_BUNDLE_IDENTIFIER = "SWP.Pet-Master-NewUITests";
				PRODUCT_NAME = "$(TARGET_NAME)";
				SWIFT_VERSION = 5.0;
				TARGETED_DEVICE_FAMILY = "1,2";
				TEST_TARGET_NAME = "Pet Master New";
			};
			name = Debug;
		};
		7E0F5C55269E42D400D6B57C /* Release */ = {
			isa = XCBuildConfiguration;
			buildSettings = {
				ALWAYS_EMBED_SWIFT_STANDARD_LIBRARIES = YES;
				CODE_SIGN_STYLE = Automatic;
				DEVELOPMENT_TEAM = SGFQ55R4UD;
				INFOPLIST_FILE = "Pet Master NewUITests/Info.plist";
				LD_RUNPATH_SEARCH_PATHS = (
					"$(inherited)",
					"@executable_path/Frameworks",
					"@loader_path/Frameworks",
				);
				PRODUCT_BUNDLE_IDENTIFIER = "SWP.Pet-Master-NewUITests";
				PRODUCT_NAME = "$(TARGET_NAME)";
				SWIFT_VERSION = 5.0;
				TARGETED_DEVICE_FAMILY = "1,2";
				TEST_TARGET_NAME = "Pet Master New";
			};
			name = Release;
		};
/* End XCBuildConfiguration section */

/* Begin XCConfigurationList section */
		7E0F5C1E269E42D400D6B57C /* Build configuration list for PBXProject "Pet Master New" */ = {
			isa = XCConfigurationList;
			buildConfigurations = (
				7E0F5C4B269E42D400D6B57C /* Debug */,
				7E0F5C4C269E42D400D6B57C /* Release */,
			);
			defaultConfigurationIsVisible = 0;
			defaultConfigurationName = Release;
		};
		7E0F5C4D269E42D400D6B57C /* Build configuration list for PBXNativeTarget "Pet Master New" */ = {
			isa = XCConfigurationList;
			buildConfigurations = (
				7E0F5C4E269E42D400D6B57C /* Debug */,
				7E0F5C4F269E42D400D6B57C /* Release */,
			);
			defaultConfigurationIsVisible = 0;
			defaultConfigurationName = Release;
		};
		7E0F5C50269E42D400D6B57C /* Build configuration list for PBXNativeTarget "Pet Master NewTests" */ = {
			isa = XCConfigurationList;
			buildConfigurations = (
				7E0F5C51269E42D400D6B57C /* Debug */,
				7E0F5C52269E42D400D6B57C /* Release */,
			);
			defaultConfigurationIsVisible = 0;
			defaultConfigurationName = Release;
		};
		7E0F5C53269E42D400D6B57C /* Build configuration list for PBXNativeTarget "Pet Master NewUITests" */ = {
			isa = XCConfigurationList;
			buildConfigurations = (
				7E0F5C54269E42D400D6B57C /* Debug */,
				7E0F5C55269E42D400D6B57C /* Release */,
			);
			defaultConfigurationIsVisible = 0;
			defaultConfigurationName = Release;
		};
/* End XCConfigurationList section */
	};
	rootObject = 7E0F5C1B269E42D400D6B57C /* Project object */;
}
